// !$*UTF8*$!
{
	archiveVersion = 1;
	classes = {
	};
	objectVersion = 56;
	objects = {

/* Begin PBXBuildFile section */
		DA6FCE342BC71E1100E53020 /* Delegate.swift in Sources */ = {isa = PBXBuildFile; fileRef = DA6FCE332BC71E1100E53020 /* Delegate.swift */; };
		EF21B2B02BC480010033EB2D /* GoogleService-Info.plist in Resources */ = {isa = PBXBuildFile; fileRef = EF21B2AF2BC480010033EB2D /* GoogleService-Info.plist */; };
		EF21B2B32BC4813A0033EB2D /* FirebaseAuthUI in Frameworks */ = {isa = PBXBuildFile; productRef = EF21B2B22BC4813A0033EB2D /* FirebaseAuthUI */; };
		EF21B2B52BC4813A0033EB2D /* FirebaseEmailAuthUI in Frameworks */ = {isa = PBXBuildFile; productRef = EF21B2B42BC4813A0033EB2D /* FirebaseEmailAuthUI */; };
		EF21B2B82BC481BC0033EB2D /* FirebaseAuth in Frameworks */ = {isa = PBXBuildFile; productRef = EF21B2B72BC481BC0033EB2D /* FirebaseAuth */; };
		EF21B2BA2BC481BC0033EB2D /* FirebaseFirestore in Frameworks */ = {isa = PBXBuildFile; productRef = EF21B2B92BC481BC0033EB2D /* FirebaseFirestore */; };
		EF3119362BBDE88E0079210A /* TheFinalApp.swift in Sources */ = {isa = PBXBuildFile; fileRef = EF3119352BBDE88E0079210A /* TheFinalApp.swift */; };
		EF3119382BBDE88E0079210A /* ContentView.swift in Sources */ = {isa = PBXBuildFile; fileRef = EF3119372BBDE88E0079210A /* ContentView.swift */; };
		EF31193A2BBDE88F0079210A /* Assets.xcassets in Resources */ = {isa = PBXBuildFile; fileRef = EF3119392BBDE88F0079210A /* Assets.xcassets */; };
		EF31193D2BBDE88F0079210A /* Preview Assets.xcassets in Resources */ = {isa = PBXBuildFile; fileRef = EF31193C2BBDE88F0079210A /* Preview Assets.xcassets */; };
		EF3119472BBDE88F0079210A /* FinalAppTests.swift in Sources */ = {isa = PBXBuildFile; fileRef = EF3119462BBDE88F0079210A /* FinalAppTests.swift */; };
		EF3119512BBDE88F0079210A /* FinalAppUITests.swift in Sources */ = {isa = PBXBuildFile; fileRef = EF3119502BBDE88F0079210A /* FinalAppUITests.swift */; };
		EF3119532BBDE88F0079210A /* FinalAppUITestsLaunchTests.swift in Sources */ = {isa = PBXBuildFile; fileRef = EF3119522BBDE88F0079210A /* FinalAppUITestsLaunchTests.swift */; };
		EF502CA02BC7A76C00F20C00 /* User.swift in Sources */ = {isa = PBXBuildFile; fileRef = EF502C9F2BC7A76C00F20C00 /* User.swift */; };
		EF502CA22BC7A77E00F20C00 /* Challenge.swift in Sources */ = {isa = PBXBuildFile; fileRef = EF502CA12BC7A77E00F20C00 /* Challenge.swift */; };
		EF502CA42BC7A7B200F20C00 /* Playlist.swift in Sources */ = {isa = PBXBuildFile; fileRef = EF502CA32BC7A7B200F20C00 /* Playlist.swift */; };
		EF502CA92BC7A91400F20C00 /* UserDetail.swift in Sources */ = {isa = PBXBuildFile; fileRef = EF502CA82BC7A91300F20C00 /* UserDetail.swift */; };
		EF502CAB2BC7A92200F20C00 /* UserIcon.swift in Sources */ = {isa = PBXBuildFile; fileRef = EF502CAA2BC7A92200F20C00 /* UserIcon.swift */; };
		EF502CAD2BC7A93400F20C00 /* PlaylistItem.swift in Sources */ = {isa = PBXBuildFile; fileRef = EF502CAC2BC7A93400F20C00 /* PlaylistItem.swift */; };
		EF502CAF2BC7A93B00F20C00 /* PlaylistDetail.swift in Sources */ = {isa = PBXBuildFile; fileRef = EF502CAE2BC7A93B00F20C00 /* PlaylistDetail.swift */; };
		EF502CB12BC7A94C00F20C00 /* ChallengeDetail.swift in Sources */ = {isa = PBXBuildFile; fileRef = EF502CB02BC7A94C00F20C00 /* ChallengeDetail.swift */; };
		EF502CB32BC7AF8800F20C00 /* EXAMPLEVALUES.swift in Sources */ = {isa = PBXBuildFile; fileRef = EF502CB22BC7AF8800F20C00 /* EXAMPLEVALUES.swift */; };
/* End PBXBuildFile section */

/* Begin PBXContainerItemProxy section */
		EF3119432BBDE88F0079210A /* PBXContainerItemProxy */ = {
			isa = PBXContainerItemProxy;
			containerPortal = EF31192A2BBDE88E0079210A /* Project object */;
			proxyType = 1;
			remoteGlobalIDString = EF3119312BBDE88E0079210A;
			remoteInfo = FinalApp;
		};
		EF31194D2BBDE88F0079210A /* PBXContainerItemProxy */ = {
			isa = PBXContainerItemProxy;
			containerPortal = EF31192A2BBDE88E0079210A /* Project object */;
			proxyType = 1;
			remoteGlobalIDString = EF3119312BBDE88E0079210A;
			remoteInfo = FinalApp;
		};
/* End PBXContainerItemProxy section */

/* Begin PBXFileReference section */
		DA6FCE332BC71E1100E53020 /* Delegate.swift */ = {isa = PBXFileReference; lastKnownFileType = sourcecode.swift; path = Delegate.swift; sourceTree = "<group>"; };
		EF21B2AF2BC480010033EB2D /* GoogleService-Info.plist */ = {isa = PBXFileReference; fileEncoding = 4; lastKnownFileType = text.plist.xml; path = "GoogleService-Info.plist"; sourceTree = "<group>"; };
		EF3119322BBDE88E0079210A /* FinalApp.app */ = {isa = PBXFileReference; explicitFileType = wrapper.application; includeInIndex = 0; path = FinalApp.app; sourceTree = BUILT_PRODUCTS_DIR; };
		EF3119352BBDE88E0079210A /* TheFinalApp.swift */ = {isa = PBXFileReference; lastKnownFileType = sourcecode.swift; path = TheFinalApp.swift; sourceTree = "<group>"; };
		EF3119372BBDE88E0079210A /* ContentView.swift */ = {isa = PBXFileReference; lastKnownFileType = sourcecode.swift; path = ContentView.swift; sourceTree = "<group>"; };
		EF3119392BBDE88F0079210A /* Assets.xcassets */ = {isa = PBXFileReference; lastKnownFileType = folder.assetcatalog; path = Assets.xcassets; sourceTree = "<group>"; };
		EF31193C2BBDE88F0079210A /* Preview Assets.xcassets */ = {isa = PBXFileReference; lastKnownFileType = folder.assetcatalog; path = "Preview Assets.xcassets"; sourceTree = "<group>"; };
		EF3119422BBDE88F0079210A /* FinalAppTests.xctest */ = {isa = PBXFileReference; explicitFileType = wrapper.cfbundle; includeInIndex = 0; path = FinalAppTests.xctest; sourceTree = BUILT_PRODUCTS_DIR; };
		EF3119462BBDE88F0079210A /* FinalAppTests.swift */ = {isa = PBXFileReference; lastKnownFileType = sourcecode.swift; path = FinalAppTests.swift; sourceTree = "<group>"; };
		EF31194C2BBDE88F0079210A /* FinalAppUITests.xctest */ = {isa = PBXFileReference; explicitFileType = wrapper.cfbundle; includeInIndex = 0; path = FinalAppUITests.xctest; sourceTree = BUILT_PRODUCTS_DIR; };
		EF3119502BBDE88F0079210A /* FinalAppUITests.swift */ = {isa = PBXFileReference; lastKnownFileType = sourcecode.swift; path = FinalAppUITests.swift; sourceTree = "<group>"; };
		EF3119522BBDE88F0079210A /* FinalAppUITestsLaunchTests.swift */ = {isa = PBXFileReference; lastKnownFileType = sourcecode.swift; path = FinalAppUITestsLaunchTests.swift; sourceTree = "<group>"; };
		EF502C9F2BC7A76C00F20C00 /* User.swift */ = {isa = PBXFileReference; lastKnownFileType = sourcecode.swift; path = User.swift; sourceTree = "<group>"; };
		EF502CA12BC7A77E00F20C00 /* Challenge.swift */ = {isa = PBXFileReference; lastKnownFileType = sourcecode.swift; path = Challenge.swift; sourceTree = "<group>"; };
		EF502CA32BC7A7B200F20C00 /* Playlist.swift */ = {isa = PBXFileReference; lastKnownFileType = sourcecode.swift; path = Playlist.swift; sourceTree = "<group>"; };
		EF502CA82BC7A91300F20C00 /* UserDetail.swift */ = {isa = PBXFileReference; lastKnownFileType = sourcecode.swift; path = UserDetail.swift; sourceTree = "<group>"; };
		EF502CAA2BC7A92200F20C00 /* UserIcon.swift */ = {isa = PBXFileReference; lastKnownFileType = sourcecode.swift; path = UserIcon.swift; sourceTree = "<group>"; };
		EF502CAC2BC7A93400F20C00 /* PlaylistItem.swift */ = {isa = PBXFileReference; lastKnownFileType = sourcecode.swift; path = PlaylistItem.swift; sourceTree = "<group>"; };
		EF502CAE2BC7A93B00F20C00 /* PlaylistDetail.swift */ = {isa = PBXFileReference; lastKnownFileType = sourcecode.swift; path = PlaylistDetail.swift; sourceTree = "<group>"; };
		EF502CB02BC7A94C00F20C00 /* ChallengeDetail.swift */ = {isa = PBXFileReference; lastKnownFileType = sourcecode.swift; path = ChallengeDetail.swift; sourceTree = "<group>"; };
		EF502CB22BC7AF8800F20C00 /* EXAMPLEVALUES.swift */ = {isa = PBXFileReference; lastKnownFileType = sourcecode.swift; path = EXAMPLEVALUES.swift; sourceTree = "<group>"; };
/* End PBXFileReference section */

/* Begin PBXFrameworksBuildPhase section */
		EF31192F2BBDE88E0079210A /* Frameworks */ = {
			isa = PBXFrameworksBuildPhase;
			buildActionMask = 2147483647;
			files = (
				EF21B2B52BC4813A0033EB2D /* FirebaseEmailAuthUI in Frameworks */,
				EF21B2BA2BC481BC0033EB2D /* FirebaseFirestore in Frameworks */,
				EF21B2B82BC481BC0033EB2D /* FirebaseAuth in Frameworks */,
				EF21B2B32BC4813A0033EB2D /* FirebaseAuthUI in Frameworks */,
			);
			runOnlyForDeploymentPostprocessing = 0;
		};
		EF31193F2BBDE88F0079210A /* Frameworks */ = {
			isa = PBXFrameworksBuildPhase;
			buildActionMask = 2147483647;
			files = (
			);
			runOnlyForDeploymentPostprocessing = 0;
		};
		EF3119492BBDE88F0079210A /* Frameworks */ = {
			isa = PBXFrameworksBuildPhase;
			buildActionMask = 2147483647;
			files = (
			);
			runOnlyForDeploymentPostprocessing = 0;
		};
/* End PBXFrameworksBuildPhase section */

/* Begin PBXGroup section */
		DA6FCE302BC71DA200E53020 /* Views */ = {
			isa = PBXGroup;
			children = (
				EF502CB22BC7AF8800F20C00 /* EXAMPLEVALUES.swift */,
				EF502CA52BC7A8D400F20C00 /* User */,
				EF502CA62BC7A8DE00F20C00 /* Playlist */,
				EF502CA72BC7A8EC00F20C00 /* Challenge */,
			);
			name = Views;
			path = ../Views;
			sourceTree = "<group>";
		};
		DA6FCE312BC71DB200E53020 /* Service(Firebase) */ = {
			isa = PBXGroup;
			children = (
				DA6FCE332BC71E1100E53020 /* Delegate.swift */,
			);
			path = "Service(Firebase)";
			sourceTree = "<group>";
		};
		DA6FCE322BC71DD300E53020 /* Service(API) */ = {
			isa = PBXGroup;
			children = (
			);
			name = "Service(API)";
			path = "../Service(API)";
			sourceTree = "<group>";
		};
		EF3119292BBDE88E0079210A = {
			isa = PBXGroup;
			children = (
				EF21B2AF2BC480010033EB2D /* GoogleService-Info.plist */,
				EF3119342BBDE88E0079210A /* FinalApp */,
				EF3119452BBDE88F0079210A /* FinalAppTests */,
				EF31194F2BBDE88F0079210A /* FinalAppUITests */,
				EF3119332BBDE88E0079210A /* Products */,
			);
			sourceTree = "<group>";
		};
		EF3119332BBDE88E0079210A /* Products */ = {
			isa = PBXGroup;
			children = (
				EF3119322BBDE88E0079210A /* FinalApp.app */,
				EF3119422BBDE88F0079210A /* FinalAppTests.xctest */,
				EF31194C2BBDE88F0079210A /* FinalAppUITests.xctest */,
			);
			name = Products;
			sourceTree = "<group>";
		};
		EF3119342BBDE88E0079210A /* FinalApp */ = {
			isa = PBXGroup;
			children = (
				EF502C9E2BC7A75B00F20C00 /* Model */,
				DA6FCE302BC71DA200E53020 /* Views */,
				DA6FCE322BC71DD300E53020 /* Service(API) */,
				DA6FCE312BC71DB200E53020 /* Service(Firebase) */,
				EF3119352BBDE88E0079210A /* TheFinalApp.swift */,
				EF3119372BBDE88E0079210A /* ContentView.swift */,
				EF3119392BBDE88F0079210A /* Assets.xcassets */,
				EF31193B2BBDE88F0079210A /* Preview Content */,
			);
			path = FinalApp;
			sourceTree = "<group>";
		};
		EF31193B2BBDE88F0079210A /* Preview Content */ = {
			isa = PBXGroup;
			children = (
				EF31193C2BBDE88F0079210A /* Preview Assets.xcassets */,
			);
			path = "Preview Content";
			sourceTree = "<group>";
		};
		EF3119452BBDE88F0079210A /* FinalAppTests */ = {
			isa = PBXGroup;
			children = (
				EF3119462BBDE88F0079210A /* FinalAppTests.swift */,
			);
			path = FinalAppTests;
			sourceTree = "<group>";
		};
		EF31194F2BBDE88F0079210A /* FinalAppUITests */ = {
			isa = PBXGroup;
			children = (
				EF3119502BBDE88F0079210A /* FinalAppUITests.swift */,
				EF3119522BBDE88F0079210A /* FinalAppUITestsLaunchTests.swift */,
			);
			path = FinalAppUITests;
			sourceTree = "<group>";
		};
		EF502C9E2BC7A75B00F20C00 /* Model */ = {
			isa = PBXGroup;
			children = (
				EF502C9F2BC7A76C00F20C00 /* User.swift */,
				EF502CA32BC7A7B200F20C00 /* Playlist.swift */,
				EF502CA12BC7A77E00F20C00 /* Challenge.swift */,
			);
			path = Model;
			sourceTree = "<group>";
		};
		EF502CA52BC7A8D400F20C00 /* User */ = {
			isa = PBXGroup;
			children = (
				EF502CAA2BC7A92200F20C00 /* UserIcon.swift */,
				EF502CA82BC7A91300F20C00 /* UserDetail.swift */,
			);
			path = User;
			sourceTree = "<group>";
		};
		EF502CA62BC7A8DE00F20C00 /* Playlist */ = {
			isa = PBXGroup;
			children = (
				EF502CAC2BC7A93400F20C00 /* PlaylistItem.swift */,
				EF502CAE2BC7A93B00F20C00 /* PlaylistDetail.swift */,
			);
			path = Playlist;
			sourceTree = "<group>";
		};
		EF502CA72BC7A8EC00F20C00 /* Challenge */ = {
			isa = PBXGroup;
			children = (
				EF502CB02BC7A94C00F20C00 /* ChallengeDetail.swift */,
			);
			path = Challenge;
			sourceTree = "<group>";
		};
/* End PBXGroup section */

/* Begin PBXNativeTarget section */
		EF3119312BBDE88E0079210A /* FinalApp */ = {
			isa = PBXNativeTarget;
			buildConfigurationList = EF3119562BBDE88F0079210A /* Build configuration list for PBXNativeTarget "FinalApp" */;
			buildPhases = (
				EF31192E2BBDE88E0079210A /* Sources */,
				EF31192F2BBDE88E0079210A /* Frameworks */,
				EF3119302BBDE88E0079210A /* Resources */,
			);
			buildRules = (
			);
			dependencies = (
			);
			name = FinalApp;
			packageProductDependencies = (
				EF21B2B22BC4813A0033EB2D /* FirebaseAuthUI */,
				EF21B2B42BC4813A0033EB2D /* FirebaseEmailAuthUI */,
				EF21B2B72BC481BC0033EB2D /* FirebaseAuth */,
				EF21B2B92BC481BC0033EB2D /* FirebaseFirestore */,
			);
			productName = FinalApp;
			productReference = EF3119322BBDE88E0079210A /* FinalApp.app */;
			productType = "com.apple.product-type.application";
		};
		EF3119412BBDE88F0079210A /* FinalAppTests */ = {
			isa = PBXNativeTarget;
			buildConfigurationList = EF3119592BBDE88F0079210A /* Build configuration list for PBXNativeTarget "FinalAppTests" */;
			buildPhases = (
				EF31193E2BBDE88F0079210A /* Sources */,
				EF31193F2BBDE88F0079210A /* Frameworks */,
				EF3119402BBDE88F0079210A /* Resources */,
			);
			buildRules = (
			);
			dependencies = (
				EF3119442BBDE88F0079210A /* PBXTargetDependency */,
			);
			name = FinalAppTests;
			productName = FinalAppTests;
			productReference = EF3119422BBDE88F0079210A /* FinalAppTests.xctest */;
			productType = "com.apple.product-type.bundle.unit-test";
		};
		EF31194B2BBDE88F0079210A /* FinalAppUITests */ = {
			isa = PBXNativeTarget;
			buildConfigurationList = EF31195C2BBDE88F0079210A /* Build configuration list for PBXNativeTarget "FinalAppUITests" */;
			buildPhases = (
				EF3119482BBDE88F0079210A /* Sources */,
				EF3119492BBDE88F0079210A /* Frameworks */,
				EF31194A2BBDE88F0079210A /* Resources */,
			);
			buildRules = (
			);
			dependencies = (
				EF31194E2BBDE88F0079210A /* PBXTargetDependency */,
			);
			name = FinalAppUITests;
			productName = FinalAppUITests;
			productReference = EF31194C2BBDE88F0079210A /* FinalAppUITests.xctest */;
			productType = "com.apple.product-type.bundle.ui-testing";
		};
/* End PBXNativeTarget section */

/* Begin PBXProject section */
		EF31192A2BBDE88E0079210A /* Project object */ = {
			isa = PBXProject;
			attributes = {
				BuildIndependentTargetsInParallel = 1;
				LastSwiftUpdateCheck = 1530;
				LastUpgradeCheck = 1530;
				TargetAttributes = {
					EF3119312BBDE88E0079210A = {
						CreatedOnToolsVersion = 15.3;
					};
					EF3119412BBDE88F0079210A = {
						CreatedOnToolsVersion = 15.3;
						TestTargetID = EF3119312BBDE88E0079210A;
					};
					EF31194B2BBDE88F0079210A = {
						CreatedOnToolsVersion = 15.3;
						TestTargetID = EF3119312BBDE88E0079210A;
					};
				};
			};
			buildConfigurationList = EF31192D2BBDE88E0079210A /* Build configuration list for PBXProject "FinalApp" */;
			compatibilityVersion = "Xcode 14.0";
			developmentRegion = en;
			hasScannedForEncodings = 0;
			knownRegions = (
				en,
				Base,
			);
			mainGroup = EF3119292BBDE88E0079210A;
			packageReferences = (
				EF21B2B12BC4813A0033EB2D /* XCRemoteSwiftPackageReference "FirebaseUI-iOS" */,
				EF21B2B62BC481BC0033EB2D /* XCRemoteSwiftPackageReference "firebase-ios-sdk" */,
			);
			productRefGroup = EF3119332BBDE88E0079210A /* Products */;
			projectDirPath = "";
			projectRoot = "";
			targets = (
				EF3119312BBDE88E0079210A /* FinalApp */,
				EF3119412BBDE88F0079210A /* FinalAppTests */,
				EF31194B2BBDE88F0079210A /* FinalAppUITests */,
			);
		};
/* End PBXProject section */

/* Begin PBXResourcesBuildPhase section */
		EF3119302BBDE88E0079210A /* Resources */ = {
			isa = PBXResourcesBuildPhase;
			buildActionMask = 2147483647;
			files = (
				EF31193D2BBDE88F0079210A /* Preview Assets.xcassets in Resources */,
				EF31193A2BBDE88F0079210A /* Assets.xcassets in Resources */,
				EF21B2B02BC480010033EB2D /* GoogleService-Info.plist in Resources */,
			);
			runOnlyForDeploymentPostprocessing = 0;
		};
		EF3119402BBDE88F0079210A /* Resources */ = {
			isa = PBXResourcesBuildPhase;
			buildActionMask = 2147483647;
			files = (
			);
			runOnlyForDeploymentPostprocessing = 0;
		};
		EF31194A2BBDE88F0079210A /* Resources */ = {
			isa = PBXResourcesBuildPhase;
			buildActionMask = 2147483647;
			files = (
			);
			runOnlyForDeploymentPostprocessing = 0;
		};
/* End PBXResourcesBuildPhase section */

/* Begin PBXSourcesBuildPhase section */
		EF31192E2BBDE88E0079210A /* Sources */ = {
			isa = PBXSourcesBuildPhase;
			buildActionMask = 2147483647;
			files = (
				EF502CA02BC7A76C00F20C00 /* User.swift in Sources */,
				EF502CB12BC7A94C00F20C00 /* ChallengeDetail.swift in Sources */,
				EF502CAD2BC7A93400F20C00 /* PlaylistItem.swift in Sources */,
				EF502CAB2BC7A92200F20C00 /* UserIcon.swift in Sources */,
				EF502CA92BC7A91400F20C00 /* UserDetail.swift in Sources */,
				EF502CAF2BC7A93B00F20C00 /* PlaylistDetail.swift in Sources */,
				DA6FCE342BC71E1100E53020 /* Delegate.swift in Sources */,
				EF3119382BBDE88E0079210A /* ContentView.swift in Sources */,
				EF3119362BBDE88E0079210A /* TheFinalApp.swift in Sources */,
				EF502CA22BC7A77E00F20C00 /* Challenge.swift in Sources */,
				EF502CB32BC7AF8800F20C00 /* EXAMPLEVALUES.swift in Sources */,
				EF502CA42BC7A7B200F20C00 /* Playlist.swift in Sources */,
			);
			runOnlyForDeploymentPostprocessing = 0;
		};
		EF31193E2BBDE88F0079210A /* Sources */ = {
			isa = PBXSourcesBuildPhase;
			buildActionMask = 2147483647;
			files = (
				EF3119472BBDE88F0079210A /* FinalAppTests.swift in Sources */,
			);
			runOnlyForDeploymentPostprocessing = 0;
		};
		EF3119482BBDE88F0079210A /* Sources */ = {
			isa = PBXSourcesBuildPhase;
			buildActionMask = 2147483647;
			files = (
				EF3119532BBDE88F0079210A /* FinalAppUITestsLaunchTests.swift in Sources */,
				EF3119512BBDE88F0079210A /* FinalAppUITests.swift in Sources */,
			);
			runOnlyForDeploymentPostprocessing = 0;
		};
/* End PBXSourcesBuildPhase section */

/* Begin PBXTargetDependency section */
		EF3119442BBDE88F0079210A /* PBXTargetDependency */ = {
			isa = PBXTargetDependency;
			target = EF3119312BBDE88E0079210A /* FinalApp */;
			targetProxy = EF3119432BBDE88F0079210A /* PBXContainerItemProxy */;
		};
		EF31194E2BBDE88F0079210A /* PBXTargetDependency */ = {
			isa = PBXTargetDependency;
			target = EF3119312BBDE88E0079210A /* FinalApp */;
			targetProxy = EF31194D2BBDE88F0079210A /* PBXContainerItemProxy */;
		};
/* End PBXTargetDependency section */

/* Begin XCBuildConfiguration section */
		EF3119542BBDE88F0079210A /* Debug */ = {
			isa = XCBuildConfiguration;
			buildSettings = {
				ALWAYS_SEARCH_USER_PATHS = NO;
				ASSETCATALOG_COMPILER_GENERATE_SWIFT_ASSET_SYMBOL_EXTENSIONS = YES;
				CLANG_ANALYZER_NONNULL = YES;
				CLANG_ANALYZER_NUMBER_OBJECT_CONVERSION = YES_AGGRESSIVE;
				CLANG_CXX_LANGUAGE_STANDARD = "gnu++20";
				CLANG_ENABLE_MODULES = YES;
				CLANG_ENABLE_OBJC_ARC = YES;
				CLANG_ENABLE_OBJC_WEAK = YES;
				CLANG_WARN_BLOCK_CAPTURE_AUTORELEASING = YES;
				CLANG_WARN_BOOL_CONVERSION = YES;
				CLANG_WARN_COMMA = YES;
				CLANG_WARN_CONSTANT_CONVERSION = YES;
				CLANG_WARN_DEPRECATED_OBJC_IMPLEMENTATIONS = YES;
				CLANG_WARN_DIRECT_OBJC_ISA_USAGE = YES_ERROR;
				CLANG_WARN_DOCUMENTATION_COMMENTS = YES;
				CLANG_WARN_EMPTY_BODY = YES;
				CLANG_WARN_ENUM_CONVERSION = YES;
				CLANG_WARN_INFINITE_RECURSION = YES;
				CLANG_WARN_INT_CONVERSION = YES;
				CLANG_WARN_NON_LITERAL_NULL_CONVERSION = YES;
				CLANG_WARN_OBJC_IMPLICIT_RETAIN_SELF = YES;
				CLANG_WARN_OBJC_LITERAL_CONVERSION = YES;
				CLANG_WARN_OBJC_ROOT_CLASS = YES_ERROR;
				CLANG_WARN_QUOTED_INCLUDE_IN_FRAMEWORK_HEADER = YES;
				CLANG_WARN_RANGE_LOOP_ANALYSIS = YES;
				CLANG_WARN_STRICT_PROTOTYPES = YES;
				CLANG_WARN_SUSPICIOUS_MOVE = YES;
				CLANG_WARN_UNGUARDED_AVAILABILITY = YES_AGGRESSIVE;
				CLANG_WARN_UNREACHABLE_CODE = YES;
				CLANG_WARN__DUPLICATE_METHOD_MATCH = YES;
				COPY_PHASE_STRIP = NO;
				DEBUG_INFORMATION_FORMAT = dwarf;
				ENABLE_STRICT_OBJC_MSGSEND = YES;
				ENABLE_TESTABILITY = YES;
				ENABLE_USER_SCRIPT_SANDBOXING = YES;
				GCC_C_LANGUAGE_STANDARD = gnu17;
				GCC_DYNAMIC_NO_PIC = NO;
				GCC_NO_COMMON_BLOCKS = YES;
				GCC_OPTIMIZATION_LEVEL = 0;
				GCC_PREPROCESSOR_DEFINITIONS = (
					"DEBUG=1",
					"$(inherited)",
				);
				GCC_WARN_64_TO_32_BIT_CONVERSION = YES;
				GCC_WARN_ABOUT_RETURN_TYPE = YES_ERROR;
				GCC_WARN_UNDECLARED_SELECTOR = YES;
				GCC_WARN_UNINITIALIZED_AUTOS = YES_AGGRESSIVE;
				GCC_WARN_UNUSED_FUNCTION = YES;
				GCC_WARN_UNUSED_VARIABLE = YES;
				IPHONEOS_DEPLOYMENT_TARGET = 17.4;
				LOCALIZATION_PREFERS_STRING_CATALOGS = YES;
				MTL_ENABLE_DEBUG_INFO = INCLUDE_SOURCE;
				MTL_FAST_MATH = YES;
				ONLY_ACTIVE_ARCH = YES;
				SDKROOT = iphoneos;
				SWIFT_ACTIVE_COMPILATION_CONDITIONS = "DEBUG $(inherited)";
				SWIFT_OPTIMIZATION_LEVEL = "-Onone";
			};
			name = Debug;
		};
		EF3119552BBDE88F0079210A /* Release */ = {
			isa = XCBuildConfiguration;
			buildSettings = {
				ALWAYS_SEARCH_USER_PATHS = NO;
				ASSETCATALOG_COMPILER_GENERATE_SWIFT_ASSET_SYMBOL_EXTENSIONS = YES;
				CLANG_ANALYZER_NONNULL = YES;
				CLANG_ANALYZER_NUMBER_OBJECT_CONVERSION = YES_AGGRESSIVE;
				CLANG_CXX_LANGUAGE_STANDARD = "gnu++20";
				CLANG_ENABLE_MODULES = YES;
				CLANG_ENABLE_OBJC_ARC = YES;
				CLANG_ENABLE_OBJC_WEAK = YES;
				CLANG_WARN_BLOCK_CAPTURE_AUTORELEASING = YES;
				CLANG_WARN_BOOL_CONVERSION = YES;
				CLANG_WARN_COMMA = YES;
				CLANG_WARN_CONSTANT_CONVERSION = YES;
				CLANG_WARN_DEPRECATED_OBJC_IMPLEMENTATIONS = YES;
				CLANG_WARN_DIRECT_OBJC_ISA_USAGE = YES_ERROR;
				CLANG_WARN_DOCUMENTATION_COMMENTS = YES;
				CLANG_WARN_EMPTY_BODY = YES;
				CLANG_WARN_ENUM_CONVERSION = YES;
				CLANG_WARN_INFINITE_RECURSION = YES;
				CLANG_WARN_INT_CONVERSION = YES;
				CLANG_WARN_NON_LITERAL_NULL_CONVERSION = YES;
				CLANG_WARN_OBJC_IMPLICIT_RETAIN_SELF = YES;
				CLANG_WARN_OBJC_LITERAL_CONVERSION = YES;
				CLANG_WARN_OBJC_ROOT_CLASS = YES_ERROR;
				CLANG_WARN_QUOTED_INCLUDE_IN_FRAMEWORK_HEADER = YES;
				CLANG_WARN_RANGE_LOOP_ANALYSIS = YES;
				CLANG_WARN_STRICT_PROTOTYPES = YES;
				CLANG_WARN_SUSPICIOUS_MOVE = YES;
				CLANG_WARN_UNGUARDED_AVAILABILITY = YES_AGGRESSIVE;
				CLANG_WARN_UNREACHABLE_CODE = YES;
				CLANG_WARN__DUPLICATE_METHOD_MATCH = YES;
				COPY_PHASE_STRIP = NO;
				DEBUG_INFORMATION_FORMAT = "dwarf-with-dsym";
				ENABLE_NS_ASSERTIONS = NO;
				ENABLE_STRICT_OBJC_MSGSEND = YES;
				ENABLE_USER_SCRIPT_SANDBOXING = YES;
				GCC_C_LANGUAGE_STANDARD = gnu17;
				GCC_NO_COMMON_BLOCKS = YES;
				GCC_WARN_64_TO_32_BIT_CONVERSION = YES;
				GCC_WARN_ABOUT_RETURN_TYPE = YES_ERROR;
				GCC_WARN_UNDECLARED_SELECTOR = YES;
				GCC_WARN_UNINITIALIZED_AUTOS = YES_AGGRESSIVE;
				GCC_WARN_UNUSED_FUNCTION = YES;
				GCC_WARN_UNUSED_VARIABLE = YES;
				IPHONEOS_DEPLOYMENT_TARGET = 17.4;
				LOCALIZATION_PREFERS_STRING_CATALOGS = YES;
				MTL_ENABLE_DEBUG_INFO = NO;
				MTL_FAST_MATH = YES;
				SDKROOT = iphoneos;
				SWIFT_COMPILATION_MODE = wholemodule;
				VALIDATE_PRODUCT = YES;
			};
			name = Release;
		};
		EF3119572BBDE88F0079210A /* Debug */ = {
			isa = XCBuildConfiguration;
			buildSettings = {
				ASSETCATALOG_COMPILER_APPICON_NAME = AppIcon;
				ASSETCATALOG_COMPILER_GLOBAL_ACCENT_COLOR_NAME = AccentColor;
				CODE_SIGN_STYLE = Automatic;
				CURRENT_PROJECT_VERSION = 1;
				DEVELOPMENT_ASSET_PATHS = "\"FinalApp/Preview Content\"";
				DEVELOPMENT_TEAM = 4NLM4MYZ98;
				ENABLE_PREVIEWS = YES;
				GENERATE_INFOPLIST_FILE = YES;
				INFOPLIST_KEY_UIApplicationSceneManifest_Generation = YES;
				INFOPLIST_KEY_UIApplicationSupportsIndirectInputEvents = YES;
				INFOPLIST_KEY_UILaunchScreen_Generation = YES;
				INFOPLIST_KEY_UISupportedInterfaceOrientations_iPad = "UIInterfaceOrientationPortrait UIInterfaceOrientationPortraitUpsideDown UIInterfaceOrientationLandscapeLeft UIInterfaceOrientationLandscapeRight";
				INFOPLIST_KEY_UISupportedInterfaceOrientations_iPhone = "UIInterfaceOrientationPortrait UIInterfaceOrientationLandscapeLeft UIInterfaceOrientationLandscapeRight";
				LD_RUNPATH_SEARCH_PATHS = (
					"$(inherited)",
					"@executable_path/Frameworks",
				);
				MARKETING_VERSION = 1.0;
				PRODUCT_BUNDLE_IDENTIFIER = thebuttonpressers.FinalApp;
				PRODUCT_NAME = "$(TARGET_NAME)";
				SWIFT_EMIT_LOC_STRINGS = YES;
				SWIFT_VERSION = 5.0;
				TARGETED_DEVICE_FAMILY = "1,2";
			};
			name = Debug;
		};
		EF3119582BBDE88F0079210A /* Release */ = {
			isa = XCBuildConfiguration;
			buildSettings = {
				ASSETCATALOG_COMPILER_APPICON_NAME = AppIcon;
				ASSETCATALOG_COMPILER_GLOBAL_ACCENT_COLOR_NAME = AccentColor;
				CODE_SIGN_STYLE = Automatic;
				CURRENT_PROJECT_VERSION = 1;
				DEVELOPMENT_ASSET_PATHS = "\"FinalApp/Preview Content\"";
				DEVELOPMENT_TEAM = 4NLM4MYZ98;
				ENABLE_PREVIEWS = YES;
				GENERATE_INFOPLIST_FILE = YES;
				INFOPLIST_KEY_UIApplicationSceneManifest_Generation = YES;
				INFOPLIST_KEY_UIApplicationSupportsIndirectInputEvents = YES;
				INFOPLIST_KEY_UILaunchScreen_Generation = YES;
				INFOPLIST_KEY_UISupportedInterfaceOrientations_iPad = "UIInterfaceOrientationPortrait UIInterfaceOrientationPortraitUpsideDown UIInterfaceOrientationLandscapeLeft UIInterfaceOrientationLandscapeRight";
				INFOPLIST_KEY_UISupportedInterfaceOrientations_iPhone = "UIInterfaceOrientationPortrait UIInterfaceOrientationLandscapeLeft UIInterfaceOrientationLandscapeRight";
				LD_RUNPATH_SEARCH_PATHS = (
					"$(inherited)",
					"@executable_path/Frameworks",
				);
				MARKETING_VERSION = 1.0;
				PRODUCT_BUNDLE_IDENTIFIER = thebuttonpressers.FinalApp;
				PRODUCT_NAME = "$(TARGET_NAME)";
				SWIFT_EMIT_LOC_STRINGS = YES;
				SWIFT_VERSION = 5.0;
				TARGETED_DEVICE_FAMILY = "1,2";
			};
			name = Release;
		};
		EF31195A2BBDE88F0079210A /* Debug */ = {
			isa = XCBuildConfiguration;
			buildSettings = {
				ALWAYS_EMBED_SWIFT_STANDARD_LIBRARIES = YES;
				BUNDLE_LOADER = "$(TEST_HOST)";
				CODE_SIGN_STYLE = Automatic;
				CURRENT_PROJECT_VERSION = 1;
				DEVELOPMENT_TEAM = 4NLM4MYZ98;
				GENERATE_INFOPLIST_FILE = YES;
				IPHONEOS_DEPLOYMENT_TARGET = 17.4;
				MARKETING_VERSION = 1.0;
				PRODUCT_BUNDLE_IDENTIFIER = thebuttonpressers.FinalAppTests;
				PRODUCT_NAME = "$(TARGET_NAME)";
				SWIFT_EMIT_LOC_STRINGS = NO;
				SWIFT_VERSION = 5.0;
				TARGETED_DEVICE_FAMILY = "1,2";
				TEST_HOST = "$(BUILT_PRODUCTS_DIR)/FinalApp.app/$(BUNDLE_EXECUTABLE_FOLDER_PATH)/FinalApp";
			};
			name = Debug;
		};
		EF31195B2BBDE88F0079210A /* Release */ = {
			isa = XCBuildConfiguration;
			buildSettings = {
				ALWAYS_EMBED_SWIFT_STANDARD_LIBRARIES = YES;
				BUNDLE_LOADER = "$(TEST_HOST)";
				CODE_SIGN_STYLE = Automatic;
				CURRENT_PROJECT_VERSION = 1;
				DEVELOPMENT_TEAM = 4NLM4MYZ98;
				GENERATE_INFOPLIST_FILE = YES;
				IPHONEOS_DEPLOYMENT_TARGET = 17.4;
				MARKETING_VERSION = 1.0;
				PRODUCT_BUNDLE_IDENTIFIER = thebuttonpressers.FinalAppTests;
				PRODUCT_NAME = "$(TARGET_NAME)";
				SWIFT_EMIT_LOC_STRINGS = NO;
				SWIFT_VERSION = 5.0;
				TARGETED_DEVICE_FAMILY = "1,2";
				TEST_HOST = "$(BUILT_PRODUCTS_DIR)/FinalApp.app/$(BUNDLE_EXECUTABLE_FOLDER_PATH)/FinalApp";
			};
			name = Release;
		};
		EF31195D2BBDE88F0079210A /* Debug */ = {
			isa = XCBuildConfiguration;
			buildSettings = {
				ALWAYS_EMBED_SWIFT_STANDARD_LIBRARIES = YES;
				CODE_SIGN_STYLE = Automatic;
				CURRENT_PROJECT_VERSION = 1;
				DEVELOPMENT_TEAM = 4NLM4MYZ98;
				GENERATE_INFOPLIST_FILE = YES;
				MARKETING_VERSION = 1.0;
				PRODUCT_BUNDLE_IDENTIFIER = thebuttonpressers.FinalAppUITests;
				PRODUCT_NAME = "$(TARGET_NAME)";
				SWIFT_EMIT_LOC_STRINGS = NO;
				SWIFT_VERSION = 5.0;
				TARGETED_DEVICE_FAMILY = "1,2";
				TEST_TARGET_NAME = FinalApp;
			};
			name = Debug;
		};
		EF31195E2BBDE88F0079210A /* Release */ = {
			isa = XCBuildConfiguration;
			buildSettings = {
				ALWAYS_EMBED_SWIFT_STANDARD_LIBRARIES = YES;
				CODE_SIGN_STYLE = Automatic;
				CURRENT_PROJECT_VERSION = 1;
				DEVELOPMENT_TEAM = 4NLM4MYZ98;
				GENERATE_INFOPLIST_FILE = YES;
				MARKETING_VERSION = 1.0;
				PRODUCT_BUNDLE_IDENTIFIER = thebuttonpressers.FinalAppUITests;
				PRODUCT_NAME = "$(TARGET_NAME)";
				SWIFT_EMIT_LOC_STRINGS = NO;
				SWIFT_VERSION = 5.0;
				TARGETED_DEVICE_FAMILY = "1,2";
				TEST_TARGET_NAME = FinalApp;
			};
			name = Release;
		};
/* End XCBuildConfiguration section */

/* Begin XCConfigurationList section */
		EF31192D2BBDE88E0079210A /* Build configuration list for PBXProject "FinalApp" */ = {
			isa = XCConfigurationList;
			buildConfigurations = (
				EF3119542BBDE88F0079210A /* Debug */,
				EF3119552BBDE88F0079210A /* Release */,
			);
			defaultConfigurationIsVisible = 0;
			defaultConfigurationName = Release;
		};
		EF3119562BBDE88F0079210A /* Build configuration list for PBXNativeTarget "FinalApp" */ = {
			isa = XCConfigurationList;
			buildConfigurations = (
				EF3119572BBDE88F0079210A /* Debug */,
				EF3119582BBDE88F0079210A /* Release */,
			);
			defaultConfigurationIsVisible = 0;
			defaultConfigurationName = Release;
		};
		EF3119592BBDE88F0079210A /* Build configuration list for PBXNativeTarget "FinalAppTests" */ = {
			isa = XCConfigurationList;
			buildConfigurations = (
				EF31195A2BBDE88F0079210A /* Debug */,
				EF31195B2BBDE88F0079210A /* Release */,
			);
			defaultConfigurationIsVisible = 0;
			defaultConfigurationName = Release;
		};
		EF31195C2BBDE88F0079210A /* Build configuration list for PBXNativeTarget "FinalAppUITests" */ = {
			isa = XCConfigurationList;
			buildConfigurations = (
				EF31195D2BBDE88F0079210A /* Debug */,
				EF31195E2BBDE88F0079210A /* Release */,
			);
			defaultConfigurationIsVisible = 0;
			defaultConfigurationName = Release;
		};
/* End XCConfigurationList section */

/* Begin XCRemoteSwiftPackageReference section */
		EF21B2B12BC4813A0033EB2D /* XCRemoteSwiftPackageReference "FirebaseUI-iOS" */ = {
			isa = XCRemoteSwiftPackageReference;
			repositoryURL = "https://github.com/firebase/FirebaseUI-iOS.git";
			requirement = {
				kind = upToNextMajorVersion;
				minimumVersion = 13.1.0;
			};
		};
		EF21B2B62BC481BC0033EB2D /* XCRemoteSwiftPackageReference "firebase-ios-sdk" */ = {
			isa = XCRemoteSwiftPackageReference;
			repositoryURL = "https://github.com/firebase/firebase-ios-sdk";
			requirement = {
				kind = upToNextMajorVersion;
				minimumVersion = 10.23.1;
			};
		};
/* End XCRemoteSwiftPackageReference section */

/* Begin XCSwiftPackageProductDependency section */
		EF21B2B22BC4813A0033EB2D /* FirebaseAuthUI */ = {
			isa = XCSwiftPackageProductDependency;
			package = EF21B2B12BC4813A0033EB2D /* XCRemoteSwiftPackageReference "FirebaseUI-iOS" */;
			productName = FirebaseAuthUI;
		};
		EF21B2B42BC4813A0033EB2D /* FirebaseEmailAuthUI */ = {
			isa = XCSwiftPackageProductDependency;
			package = EF21B2B12BC4813A0033EB2D /* XCRemoteSwiftPackageReference "FirebaseUI-iOS" */;
			productName = FirebaseEmailAuthUI;
		};
		EF21B2B72BC481BC0033EB2D /* FirebaseAuth */ = {
			isa = XCSwiftPackageProductDependency;
			package = EF21B2B62BC481BC0033EB2D /* XCRemoteSwiftPackageReference "firebase-ios-sdk" */;
			productName = FirebaseAuth;
		};
		EF21B2B92BC481BC0033EB2D /* FirebaseFirestore */ = {
			isa = XCSwiftPackageProductDependency;
			package = EF21B2B62BC481BC0033EB2D /* XCRemoteSwiftPackageReference "firebase-ios-sdk" */;
			productName = FirebaseFirestore;
		};
/* End XCSwiftPackageProductDependency section */
	};
	rootObject = EF31192A2BBDE88E0079210A /* Project object */;
}
